
Microsoft Visual Studio Solution File, Format Version 12.00
Project("{FAE04EC0-301F-11D3-BF4B-00C04F79EFBC}") = "Deobfuscar", "Deobfuscar\Deobfuscar.csproj", "{DEF30ACE-27C5-4347-A234-C474A5B5D153}"
EndProject
Global
	GlobalSection(SolutionConfigurationPlatforms) = preSolution
		Debug|Any CPU = Debug|Any CPU
		Release|Any CPU = Release|Any CPU
	EndGlobalSection
	GlobalSection(ProjectConfigurationPlatforms) = postSolution
		{DEF30ACE-27C5-4347-A234-C474A5B5D153}.Debug|Any CPU.ActiveCfg = Debug|Any CPU
		{DEF30ACE-27C5-4347-A234-C474A5B5D153}.Debug|Any CPU.Build.0 = Debug|Any CPU
		{DEF30ACE-27C5-4347-A234-C474A5B5D153}.Release|Any CPU.ActiveCfg = Release|Any CPU
		{DEF30ACE-27C5-4347-A234-C474A5B5D153}.Release|Any CPU.Build.0 = Release|Any CPU
	EndGlobalSection
EndGlobal
